// !$*UTF8*$!
{
	archiveVersion = 1;
	classes = {
	};
	objectVersion = 55;
	objects = {

/* Begin PBXBuildFile section */
		BDD6835C2894209D003BDF87 /* AppDelegate.swift in Sources */ = {isa = PBXBuildFile; fileRef = BDD6835B2894209D003BDF87 /* AppDelegate.swift */; };
		BDD6835E2894209D003BDF87 /* SceneDelegate.swift in Sources */ = {isa = PBXBuildFile; fileRef = BDD6835D2894209D003BDF87 /* SceneDelegate.swift */; };
		BDD683602894209D003BDF87 /* ViewController.swift in Sources */ = {isa = PBXBuildFile; fileRef = BDD6835F2894209D003BDF87 /* ViewController.swift */; };
		BDD683632894209D003BDF87 /* Main.storyboard in Resources */ = {isa = PBXBuildFile; fileRef = BDD683612894209D003BDF87 /* Main.storyboard */; };
		BDD683662894209D003BDF87 /* todolist.xcdatamodeld in Sources */ = {isa = PBXBuildFile; fileRef = BDD683642894209D003BDF87 /* todolist.xcdatamodeld */; };
		BDD68368289420A0003BDF87 /* Assets.xcassets in Resources */ = {isa = PBXBuildFile; fileRef = BDD68367289420A0003BDF87 /* Assets.xcassets */; };
		BDD6836B289420A0003BDF87 /* LaunchScreen.storyboard in Resources */ = {isa = PBXBuildFile; fileRef = BDD68369289420A0003BDF87 /* LaunchScreen.storyboard */; };
		BDD68376289420A0003BDF87 /* todolistTests.swift in Sources */ = {isa = PBXBuildFile; fileRef = BDD68375289420A0003BDF87 /* todolistTests.swift */; };
		BDD68380289420A0003BDF87 /* todolistUITests.swift in Sources */ = {isa = PBXBuildFile; fileRef = BDD6837F289420A0003BDF87 /* todolistUITests.swift */; };
		BDD68382289420A0003BDF87 /* todolistUITestsLaunchTests.swift in Sources */ = {isa = PBXBuildFile; fileRef = BDD68381289420A0003BDF87 /* todolistUITestsLaunchTests.swift */; };
		BDD683912894263F003BDF87 /* Todo.swift in Sources */ = {isa = PBXBuildFile; fileRef = BDD683902894263E003BDF87 /* Todo.swift */; };
		BDD6839328943A03003BDF87 /* ToDoTableViewController.swift in Sources */ = {isa = PBXBuildFile; fileRef = BDD6839228943A03003BDF87 /* ToDoTableViewController.swift */; };
/* End PBXBuildFile section */

/* Begin PBXContainerItemProxy section */
		BDD68372289420A0003BDF87 /* PBXContainerItemProxy */ = {
			isa = PBXContainerItemProxy;
			containerPortal = BDD683502894209D003BDF87 /* Project object */;
			proxyType = 1;
			remoteGlobalIDString = BDD683572894209D003BDF87;
			remoteInfo = todolist;
		};
		BDD6837C289420A0003BDF87 /* PBXContainerItemProxy */ = {
			isa = PBXContainerItemProxy;
			containerPortal = BDD683502894209D003BDF87 /* Project object */;
			proxyType = 1;
			remoteGlobalIDString = BDD683572894209D003BDF87;
			remoteInfo = todolist;
		};
/* End PBXContainerItemProxy section */

/* Begin PBXFileReference section */
		BDD683582894209D003BDF87 /* todolist.app */ = {isa = PBXFileReference; explicitFileType = wrapper.application; includeInIndex = 0; path = todolist.app; sourceTree = BUILT_PRODUCTS_DIR; };
		BDD6835B2894209D003BDF87 /* AppDelegate.swift */ = {isa = PBXFileReference; lastKnownFileType = sourcecode.swift; path = AppDelegate.swift; sourceTree = "<group>"; };
		BDD6835D2894209D003BDF87 /* SceneDelegate.swift */ = {isa = PBXFileReference; lastKnownFileType = sourcecode.swift; path = SceneDelegate.swift; sourceTree = "<group>"; };
		BDD6835F2894209D003BDF87 /* ViewController.swift */ = {isa = PBXFileReference; lastKnownFileType = sourcecode.swift; path = ViewController.swift; sourceTree = "<group>"; };
		BDD683622894209D003BDF87 /* Base */ = {isa = PBXFileReference; lastKnownFileType = file.storyboard; name = Base; path = Base.lproj/Main.storyboard; sourceTree = "<group>"; };
		BDD683652894209D003BDF87 /* todolist.xcdatamodel */ = {isa = PBXFileReference; lastKnownFileType = wrapper.xcdatamodel; path = todolist.xcdatamodel; sourceTree = "<group>"; };
		BDD68367289420A0003BDF87 /* Assets.xcassets */ = {isa = PBXFileReference; lastKnownFileType = folder.assetcatalog; path = Assets.xcassets; sourceTree = "<group>"; };
		BDD6836A289420A0003BDF87 /* Base */ = {isa = PBXFileReference; lastKnownFileType = file.storyboard; name = Base; path = Base.lproj/LaunchScreen.storyboard; sourceTree = "<group>"; };
		BDD6836C289420A0003BDF87 /* Info.plist */ = {isa = PBXFileReference; lastKnownFileType = text.plist.xml; path = Info.plist; sourceTree = "<group>"; };
		BDD68371289420A0003BDF87 /* todolistTests.xctest */ = {isa = PBXFileReference; explicitFileType = wrapper.cfbundle; includeInIndex = 0; path = todolistTests.xctest; sourceTree = BUILT_PRODUCTS_DIR; };
		BDD68375289420A0003BDF87 /* todolistTests.swift */ = {isa = PBXFileReference; lastKnownFileType = sourcecode.swift; path = todolistTests.swift; sourceTree = "<group>"; };
		BDD6837B289420A0003BDF87 /* todolistUITests.xctest */ = {isa = PBXFileReference; explicitFileType = wrapper.cfbundle; includeInIndex = 0; path = todolistUITests.xctest; sourceTree = BUILT_PRODUCTS_DIR; };
		BDD6837F289420A0003BDF87 /* todolistUITests.swift */ = {isa = PBXFileReference; lastKnownFileType = sourcecode.swift; path = todolistUITests.swift; sourceTree = "<group>"; };
		BDD68381289420A0003BDF87 /* todolistUITestsLaunchTests.swift */ = {isa = PBXFileReference; lastKnownFileType = sourcecode.swift; path = todolistUITestsLaunchTests.swift; sourceTree = "<group>"; };
		BDD683902894263E003BDF87 /* Todo.swift */ = {isa = PBXFileReference; lastKnownFileType = sourcecode.swift; path = Todo.swift; sourceTree = "<group>"; };
		BDD6839228943A03003BDF87 /* ToDoTableViewController.swift */ = {isa = PBXFileReference; lastKnownFileType = sourcecode.swift; path = ToDoTableViewController.swift; sourceTree = "<group>"; };
/* End PBXFileReference section */

/* Begin PBXFrameworksBuildPhase section */
		BDD683552894209D003BDF87 /* Frameworks */ = {
			isa = PBXFrameworksBuildPhase;
			buildActionMask = 2147483647;
			files = (
			);
			runOnlyForDeploymentPostprocessing = 0;
		};
		BDD6836E289420A0003BDF87 /* Frameworks */ = {
			isa = PBXFrameworksBuildPhase;
			buildActionMask = 2147483647;
			files = (
			);
			runOnlyForDeploymentPostprocessing = 0;
		};
		BDD68378289420A0003BDF87 /* Frameworks */ = {
			isa = PBXFrameworksBuildPhase;
			buildActionMask = 2147483647;
			files = (
			);
			runOnlyForDeploymentPostprocessing = 0;
		};
/* End PBXFrameworksBuildPhase section */

/* Begin PBXGroup section */
		BDD6834F2894209D003BDF87 = {
			isa = PBXGroup;
			children = (
				BDD6835A2894209D003BDF87 /* todolist */,
				BDD68374289420A0003BDF87 /* todolistTests */,
				BDD6837E289420A0003BDF87 /* todolistUITests */,
				BDD683592894209D003BDF87 /* Products */,
			);
			sourceTree = "<group>";
		};
		BDD683592894209D003BDF87 /* Products */ = {
			isa = PBXGroup;
			children = (
				BDD683582894209D003BDF87 /* todolist.app */,
				BDD68371289420A0003BDF87 /* todolistTests.xctest */,
				BDD6837B289420A0003BDF87 /* todolistUITests.xctest */,
			);
			name = Products;
			sourceTree = "<group>";
		};
		BDD6835A2894209D003BDF87 /* todolist */ = {
			isa = PBXGroup;
			children = (
				BDD6835B2894209D003BDF87 /* AppDelegate.swift */,
				BDD6835D2894209D003BDF87 /* SceneDelegate.swift */,
				BDD6835F2894209D003BDF87 /* ViewController.swift */,
				BDD683902894263E003BDF87 /* Todo.swift */,
				BDD6839228943A03003BDF87 /* ToDoTableViewController.swift */,
				BDD683612894209D003BDF87 /* Main.storyboard */,
				BDD68367289420A0003BDF87 /* Assets.xcassets */,
				BDD68369289420A0003BDF87 /* LaunchScreen.storyboard */,
				BDD6836C289420A0003BDF87 /* Info.plist */,
				BDD683642894209D003BDF87 /* todolist.xcdatamodeld */,
			);
			path = todolist;
			sourceTree = "<group>";
		};
		BDD68374289420A0003BDF87 /* todolistTests */ = {
			isa = PBXGroup;
			children = (
				BDD68375289420A0003BDF87 /* todolistTests.swift */,
			);
			path = todolistTests;
			sourceTree = "<group>";
		};
		BDD6837E289420A0003BDF87 /* todolistUITests */ = {
			isa = PBXGroup;
			children = (
				BDD6837F289420A0003BDF87 /* todolistUITests.swift */,
				BDD68381289420A0003BDF87 /* todolistUITestsLaunchTests.swift */,
			);
			path = todolistUITests;
			sourceTree = "<group>";
		};
/* End PBXGroup section */

/* Begin PBXNativeTarget section */
		BDD683572894209D003BDF87 /* todolist */ = {
			isa = PBXNativeTarget;
			buildConfigurationList = BDD68385289420A0003BDF87 /* Build configuration list for PBXNativeTarget "todolist" */;
			buildPhases = (
				BDD683542894209D003BDF87 /* Sources */,
				BDD683552894209D003BDF87 /* Frameworks */,
				BDD683562894209D003BDF87 /* Resources */,
			);
			buildRules = (
			);
			dependencies = (
			);
			name = todolist;
			productName = todolist;
			productReference = BDD683582894209D003BDF87 /* todolist.app */;
			productType = "com.apple.product-type.application";
		};
		BDD68370289420A0003BDF87 /* todolistTests */ = {
			isa = PBXNativeTarget;
			buildConfigurationList = BDD68388289420A0003BDF87 /* Build configuration list for PBXNativeTarget "todolistTests" */;
			buildPhases = (
				BDD6836D289420A0003BDF87 /* Sources */,
				BDD6836E289420A0003BDF87 /* Frameworks */,
				BDD6836F289420A0003BDF87 /* Resources */,
			);
			buildRules = (
			);
			dependencies = (
				BDD68373289420A0003BDF87 /* PBXTargetDependency */,
			);
			name = todolistTests;
			productName = todolistTests;
			productReference = BDD68371289420A0003BDF87 /* todolistTests.xctest */;
			productType = "com.apple.product-type.bundle.unit-test";
		};
		BDD6837A289420A0003BDF87 /* todolistUITests */ = {
			isa = PBXNativeTarget;
			buildConfigurationList = BDD6838B289420A0003BDF87 /* Build configuration list for PBXNativeTarget "todolistUITests" */;
			buildPhases = (
				BDD68377289420A0003BDF87 /* Sources */,
				BDD68378289420A0003BDF87 /* Frameworks */,
				BDD68379289420A0003BDF87 /* Resources */,
			);
			buildRules = (
			);
			dependencies = (
				BDD6837D289420A0003BDF87 /* PBXTargetDependency */,
			);
			name = todolistUITests;
			productName = todolistUITests;
			productReference = BDD6837B289420A0003BDF87 /* todolistUITests.xctest */;
			productType = "com.apple.product-type.bundle.ui-testing";
		};
/* End PBXNativeTarget section */

/* Begin PBXProject section */
		BDD683502894209D003BDF87 /* Project object */ = {
			isa = PBXProject;
			attributes = {
				BuildIndependentTargetsInParallel = 1;
				LastSwiftUpdateCheck = 1340;
				LastUpgradeCheck = 1340;
				TargetAttributes = {
					BDD683572894209D003BDF87 = {
						CreatedOnToolsVersion = 13.4.1;
					};
					BDD68370289420A0003BDF87 = {
						CreatedOnToolsVersion = 13.4.1;
						TestTargetID = BDD683572894209D003BDF87;
					};
					BDD6837A289420A0003BDF87 = {
						CreatedOnToolsVersion = 13.4.1;
						TestTargetID = BDD683572894209D003BDF87;
					};
				};
			};
			buildConfigurationList = BDD683532894209D003BDF87 /* Build configuration list for PBXProject "todolist" */;
			compatibilityVersion = "Xcode 13.0";
			developmentRegion = en;
			hasScannedForEncodings = 0;
			knownRegions = (
				en,
				Base,
			);
			mainGroup = BDD6834F2894209D003BDF87;
			productRefGroup = BDD683592894209D003BDF87 /* Products */;
			projectDirPath = "";
			projectRoot = "";
			targets = (
				BDD683572894209D003BDF87 /* todolist */,
				BDD68370289420A0003BDF87 /* todolistTests */,
				BDD6837A289420A0003BDF87 /* todolistUITests */,
			);
		};
/* End PBXProject section */

/* Begin PBXResourcesBuildPhase section */
		BDD683562894209D003BDF87 /* Resources */ = {
			isa = PBXResourcesBuildPhase;
			buildActionMask = 2147483647;
			files = (
				BDD6836B289420A0003BDF87 /* LaunchScreen.storyboard in Resources */,
				BDD68368289420A0003BDF87 /* Assets.xcassets in Resources */,
				BDD683632894209D003BDF87 /* Main.storyboard in Resources */,
			);
			runOnlyForDeploymentPostprocessing = 0;
		};
		BDD6836F289420A0003BDF87 /* Resources */ = {
			isa = PBXResourcesBuildPhase;
			buildActionMask = 2147483647;
			files = (
			);
			runOnlyForDeploymentPostprocessing = 0;
		};
		BDD68379289420A0003BDF87 /* Resources */ = {
			isa = PBXResourcesBuildPhase;
			buildActionMask = 2147483647;
			files = (
			);
			runOnlyForDeploymentPostprocessing = 0;
		};
/* End PBXResourcesBuildPhase section */

/* Begin PBXSourcesBuildPhase section */
		BDD683542894209D003BDF87 /* Sources */ = {
			isa = PBXSourcesBuildPhase;
			buildActionMask = 2147483647;
			files = (
				BDD683602894209D003BDF87 /* ViewController.swift in Sources */,
				BDD683912894263F003BDF87 /* Todo.swift in Sources */,
				BDD6839328943A03003BDF87 /* ToDoTableViewController.swift in Sources */,
				BDD6835C2894209D003BDF87 /* AppDelegate.swift in Sources */,
				BDD6835E2894209D003BDF87 /* SceneDelegate.swift in Sources */,
				BDD683662894209D003BDF87 /* todolist.xcdatamodeld in Sources */,
			);
			runOnlyForDeploymentPostprocessing = 0;
		};
		BDD6836D289420A0003BDF87 /* Sources */ = {
			isa = PBXSourcesBuildPhase;
			buildActionMask = 2147483647;
			files = (
				BDD68376289420A0003BDF87 /* todolistTests.swift in Sources */,
			);
			runOnlyForDeploymentPostprocessing = 0;
		};
		BDD68377289420A0003BDF87 /* Sources */ = {
			isa = PBXSourcesBuildPhase;
			buildActionMask = 2147483647;
			files = (
				BDD68382289420A0003BDF87 /* todolistUITestsLaunchTests.swift in Sources */,
				BDD68380289420A0003BDF87 /* todolistUITests.swift in Sources */,
			);
			runOnlyForDeploymentPostprocessing = 0;
		};
/* End PBXSourcesBuildPhase section */

/* Begin PBXTargetDependency section */
		BDD68373289420A0003BDF87 /* PBXTargetDependency */ = {
			isa = PBXTargetDependency;
			target = BDD683572894209D003BDF87 /* todolist */;
			targetProxy = BDD68372289420A0003BDF87 /* PBXContainerItemProxy */;
		};
		BDD6837D289420A0003BDF87 /* PBXTargetDependency */ = {
			isa = PBXTargetDependency;
			target = BDD683572894209D003BDF87 /* todolist */;
			targetProxy = BDD6837C289420A0003BDF87 /* PBXContainerItemProxy */;
		};
/* End PBXTargetDependency section */

/* Begin PBXVariantGroup section */
		BDD683612894209D003BDF87 /* Main.storyboard */ = {
			isa = PBXVariantGroup;
			children = (
				BDD683622894209D003BDF87 /* Base */,
			);
			name = Main.storyboard;
			sourceTree = "<group>";
		};
		BDD68369289420A0003BDF87 /* LaunchScreen.storyboard */ = {
			isa = PBXVariantGroup;
			children = (
				BDD6836A289420A0003BDF87 /* Base */,
			);
			name = LaunchScreen.storyboard;
			sourceTree = "<group>";
		};
/* End PBXVariantGroup section */

/* Begin XCBuildConfiguration section */
		BDD68383289420A0003BDF87 /* Debug */ = {
			isa = XCBuildConfiguration;
			buildSettings = {
				ALWAYS_SEARCH_USER_PATHS = NO;
				CLANG_ANALYZER_NONNULL = YES;
				CLANG_ANALYZER_NUMBER_OBJECT_CONVERSION = YES_AGGRESSIVE;
				CLANG_CXX_LANGUAGE_STANDARD = "gnu++17";
				CLANG_ENABLE_MODULES = YES;
				CLANG_ENABLE_OBJC_ARC = YES;
				CLANG_ENABLE_OBJC_WEAK = YES;
				CLANG_WARN_BLOCK_CAPTURE_AUTORELEASING = YES;
				CLANG_WARN_BOOL_CONVERSION = YES;
				CLANG_WARN_COMMA = YES;
				CLANG_WARN_CONSTANT_CONVERSION = YES;
				CLANG_WARN_DEPRECATED_OBJC_IMPLEMENTATIONS = YES;
				CLANG_WARN_DIRECT_OBJC_ISA_USAGE = YES_ERROR;
				CLANG_WARN_DOCUMENTATION_COMMENTS = YES;
				CLANG_WARN_EMPTY_BODY = YES;
				CLANG_WARN_ENUM_CONVERSION = YES;
				CLANG_WARN_INFINITE_RECURSION = YES;
				CLANG_WARN_INT_CONVERSION = YES;
				CLANG_WARN_NON_LITERAL_NULL_CONVERSION = YES;
				CLANG_WARN_OBJC_IMPLICIT_RETAIN_SELF = YES;
				CLANG_WARN_OBJC_LITERAL_CONVERSION = YES;
				CLANG_WARN_OBJC_ROOT_CLASS = YES_ERROR;
				CLANG_WARN_QUOTED_INCLUDE_IN_FRAMEWORK_HEADER = YES;
				CLANG_WARN_RANGE_LOOP_ANALYSIS = YES;
				CLANG_WARN_STRICT_PROTOTYPES = YES;
				CLANG_WARN_SUSPICIOUS_MOVE = YES;
				CLANG_WARN_UNGUARDED_AVAILABILITY = YES_AGGRESSIVE;
				CLANG_WARN_UNREACHABLE_CODE = YES;
				CLANG_WARN__DUPLICATE_METHOD_MATCH = YES;
				COPY_PHASE_STRIP = NO;
				DEBUG_INFORMATION_FORMAT = dwarf;
				ENABLE_STRICT_OBJC_MSGSEND = YES;
				ENABLE_TESTABILITY = YES;
				GCC_C_LANGUAGE_STANDARD = gnu11;
				GCC_DYNAMIC_NO_PIC = NO;
				GCC_NO_COMMON_BLOCKS = YES;
				GCC_OPTIMIZATION_LEVEL = 0;
				GCC_PREPROCESSOR_DEFINITIONS = (
					"DEBUG=1",
					"$(inherited)",
				);
				GCC_WARN_64_TO_32_BIT_CONVERSION = YES;
				GCC_WARN_ABOUT_RETURN_TYPE = YES_ERROR;
				GCC_WARN_UNDECLARED_SELECTOR = YES;
				GCC_WARN_UNINITIALIZED_AUTOS = YES_AGGRESSIVE;
				GCC_WARN_UNUSED_FUNCTION = YES;
				GCC_WARN_UNUSED_VARIABLE = YES;
				IPHONEOS_DEPLOYMENT_TARGET = 15.5;
				MTL_ENABLE_DEBUG_INFO = INCLUDE_SOURCE;
				MTL_FAST_MATH = YES;
				ONLY_ACTIVE_ARCH = YES;
				SDKROOT = iphoneos;
				SWIFT_ACTIVE_COMPILATION_CONDITIONS = DEBUG;
				SWIFT_OPTIMIZATION_LEVEL = "-Onone";
			};
			name = Debug;
		};
		BDD68384289420A0003BDF87 /* Release */ = {
			isa = XCBuildConfiguration;
			buildSettings = {
				ALWAYS_SEARCH_USER_PATHS = NO;
				CLANG_ANALYZER_NONNULL = YES;
				CLANG_ANALYZER_NUMBER_OBJECT_CONVERSION = YES_AGGRESSIVE;
				CLANG_CXX_LANGUAGE_STANDARD = "gnu++17";
				CLANG_ENABLE_MODULES = YES;
				CLANG_ENABLE_OBJC_ARC = YES;
				CLANG_ENABLE_OBJC_WEAK = YES;
				CLANG_WARN_BLOCK_CAPTURE_AUTORELEASING = YES;
				CLANG_WARN_BOOL_CONVERSION = YES;
				CLANG_WARN_COMMA = YES;
				CLANG_WARN_CONSTANT_CONVERSION = YES;
				CLANG_WARN_DEPRECATED_OBJC_IMPLEMENTATIONS = YES;
				CLANG_WARN_DIRECT_OBJC_ISA_USAGE = YES_ERROR;
				CLANG_WARN_DOCUMENTATION_COMMENTS = YES;
				CLANG_WARN_EMPTY_BODY = YES;
				CLANG_WARN_ENUM_CONVERSION = YES;
				CLANG_WARN_INFINITE_RECURSION = YES;
				CLANG_WARN_INT_CONVERSION = YES;
				CLANG_WARN_NON_LITERAL_NULL_CONVERSION = YES;
				CLANG_WARN_OBJC_IMPLICIT_RETAIN_SELF = YES;
				CLANG_WARN_OBJC_LITERAL_CONVERSION = YES;
				CLANG_WARN_OBJC_ROOT_CLASS = YES_ERROR;
				CLANG_WARN_QUOTED_INCLUDE_IN_FRAMEWORK_HEADER = YES;
				CLANG_WARN_RANGE_LOOP_ANALYSIS = YES;
				CLANG_WARN_STRICT_PROTOTYPES = YES;
				CLANG_WARN_SUSPICIOUS_MOVE = YES;
				CLANG_WARN_UNGUARDED_AVAILABILITY = YES_AGGRESSIVE;
				CLANG_WARN_UNREACHABLE_CODE = YES;
				CLANG_WARN__DUPLICATE_METHOD_MATCH = YES;
				COPY_PHASE_STRIP = NO;
				DEBUG_INFORMATION_FORMAT = "dwarf-with-dsym";
				ENABLE_NS_ASSERTIONS = NO;
				ENABLE_STRICT_OBJC_MSGSEND = YES;
				GCC_C_LANGUAGE_STANDARD = gnu11;
				GCC_NO_COMMON_BLOCKS = YES;
				GCC_WARN_64_TO_32_BIT_CONVERSION = YES;
				GCC_WARN_ABOUT_RETURN_TYPE = YES_ERROR;
				GCC_WARN_UNDECLARED_SELECTOR = YES;
				GCC_WARN_UNINITIALIZED_AUTOS = YES_AGGRESSIVE;
				GCC_WARN_UNUSED_FUNCTION = YES;
				GCC_WARN_UNUSED_VARIABLE = YES;
				IPHONEOS_DEPLOYMENT_TARGET = 15.5;
				MTL_ENABLE_DEBUG_INFO = NO;
				MTL_FAST_MATH = YES;
				SDKROOT = iphoneos;
				SWIFT_COMPILATION_MODE = wholemodule;
				SWIFT_OPTIMIZATION_LEVEL = "-O";
				VALIDATE_PRODUCT = YES;
			};
			name = Release;
		};
		BDD68386289420A0003BDF87 /* Debug */ = {
			isa = XCBuildConfiguration;
			buildSettings = {
				ASSETCATALOG_COMPILER_APPICON_NAME = AppIcon;
				ASSETCATALOG_COMPILER_GLOBAL_ACCENT_COLOR_NAME = AccentColor;
				CODE_SIGN_STYLE = Automatic;
				CURRENT_PROJECT_VERSION = 1;
				GENERATE_INFOPLIST_FILE = YES;
				INFOPLIST_FILE = todolist/Info.plist;
				INFOPLIST_KEY_UIApplicationSupportsIndirectInputEvents = YES;
				INFOPLIST_KEY_UILaunchStoryboardName = LaunchScreen;
				INFOPLIST_KEY_UIMainStoryboardFile = Main;
				INFOPLIST_KEY_UISupportedInterfaceOrientations_iPad = "UIInterfaceOrientationPortrait UIInterfaceOrientationPortraitUpsideDown UIInterfaceOrientationLandscapeLeft UIInterfaceOrientationLandscapeRight";
				INFOPLIST_KEY_UISupportedInterfaceOrientations_iPhone = "UIInterfaceOrientationPortrait UIInterfaceOrientationLandscapeLeft UIInterfaceOrientationLandscapeRight";
				LD_RUNPATH_SEARCH_PATHS = (
					"$(inherited)",
					"@executable_path/Frameworks",
				);
				MARKETING_VERSION = 1.0;
				PRODUCT_BUNDLE_IDENTIFIER = valentina.todolist;
				PRODUCT_NAME = "$(TARGET_NAME)";
				SWIFT_EMIT_LOC_STRINGS = YES;
				SWIFT_VERSION = 5.0;
				TARGETED_DEVICE_FAMILY = "1,2";
			};
			name = Debug;
		};
		BDD68387289420A0003BDF87 /* Release */ = {
			isa = XCBuildConfiguration;
			buildSettings = {
				ASSETCATALOG_COMPILER_APPICON_NAME = AppIcon;
				ASSETCATALOG_COMPILER_GLOBAL_ACCENT_COLOR_NAME = AccentColor;
				CODE_SIGN_STYLE = Automatic;
				CURRENT_PROJECT_VERSION = 1;
				GENERATE_INFOPLIST_FILE = YES;
				INFOPLIST_FILE = todolist/Info.plist;
				INFOPLIST_KEY_UIApplicationSupportsIndirectInputEvents = YES;
				INFOPLIST_KEY_UILaunchStoryboardName = LaunchScreen;
				INFOPLIST_KEY_UIMainStoryboardFile = Main;
				INFOPLIST_KEY_UISupportedInterfaceOrientations_iPad = "UIInterfaceOrientationPortrait UIInterfaceOrientationPortraitUpsideDown UIInterfaceOrientationLandscapeLeft UIInterfaceOrientationLandscapeRight";
				INFOPLIST_KEY_UISupportedInterfaceOrientations_iPhone = "UIInterfaceOrientationPortrait UIInterfaceOrientationLandscapeLeft UIInterfaceOrientationLandscapeRight";
				LD_RUNPATH_SEARCH_PATHS = (
					"$(inherited)",
					"@executable_path/Frameworks",
				);
				MARKETING_VERSION = 1.0;
				PRODUCT_BUNDLE_IDENTIFIER = valentina.todolist;
				PRODUCT_NAME = "$(TARGET_NAME)";
				SWIFT_EMIT_LOC_STRINGS = YES;
				SWIFT_VERSION = 5.0;
				TARGETED_DEVICE_FAMILY = "1,2";
			};
			name = Release;
		};
		BDD68389289420A0003BDF87 /* Debug */ = {
			isa = XCBuildConfiguration;
			buildSettings = {
				ALWAYS_EMBED_SWIFT_STANDARD_LIBRARIES = YES;
				BUNDLE_LOADER = "$(TEST_HOST)";
				CODE_SIGN_STYLE = Automatic;
				CURRENT_PROJECT_VERSION = 1;
				GENERATE_INFOPLIST_FILE = YES;
				IPHONEOS_DEPLOYMENT_TARGET = 15.5;
				MARKETING_VERSION = 1.0;
				PRODUCT_BUNDLE_IDENTIFIER = valentina.todolistTests;
				PRODUCT_NAME = "$(TARGET_NAME)";
				SWIFT_EMIT_LOC_STRINGS = NO;
				SWIFT_VERSION = 5.0;
				TARGETED_DEVICE_FAMILY = "1,2";
				TEST_HOST = "$(BUILT_PRODUCTS_DIR)/todolist.app/todolist";
			};
			name = Debug;
		};
		BDD6838A289420A0003BDF87 /* Release */ = {
			isa = XCBuildConfiguration;
			buildSettings = {
				ALWAYS_EMBED_SWIFT_STANDARD_LIBRARIES = YES;
				BUNDLE_LOADER = "$(TEST_HOST)";
				CODE_SIGN_STYLE = Automatic;
				CURRENT_PROJECT_VERSION = 1;
				GENERATE_INFOPLIST_FILE = YES;
				IPHONEOS_DEPLOYMENT_TARGET = 15.5;
				MARKETING_VERSION = 1.0;
				PRODUCT_BUNDLE_IDENTIFIER = valentina.todolistTests;
				PRODUCT_NAME = "$(TARGET_NAME)";
				SWIFT_EMIT_LOC_STRINGS = NO;
				SWIFT_VERSION = 5.0;
				TARGETED_DEVICE_FAMILY = "1,2";
				TEST_HOST = "$(BUILT_PRODUCTS_DIR)/todolist.app/todolist";
			};
			name = Release;
		};
		BDD6838C289420A0003BDF87 /* Debug */ = {
			isa = XCBuildConfiguration;
			buildSettings = {
				ALWAYS_EMBED_SWIFT_STANDARD_LIBRARIES = YES;
				CODE_SIGN_STYLE = Automatic;
				CURRENT_PROJECT_VERSION = 1;
				GENERATE_INFOPLIST_FILE = YES;
				MARKETING_VERSION = 1.0;
				PRODUCT_BUNDLE_IDENTIFIER = valentina.todolistUITests;
				PRODUCT_NAME = "$(TARGET_NAME)";
				SWIFT_EMIT_LOC_STRINGS = NO;
				SWIFT_VERSION = 5.0;
				TARGETED_DEVICE_FAMILY = "1,2";
				TEST_TARGET_NAME = todolist;
			};
			name = Debug;
		};
		BDD6838D289420A0003BDF87 /* Release */ = {
			isa = XCBuildConfiguration;
			buildSettings = {
				ALWAYS_EMBED_SWIFT_STANDARD_LIBRARIES = YES;
				CODE_SIGN_STYLE = Automatic;
				CURRENT_PROJECT_VERSION = 1;
				GENERATE_INFOPLIST_FILE = YES;
				MARKETING_VERSION = 1.0;
				PRODUCT_BUNDLE_IDENTIFIER = valentina.todolistUITests;
				PRODUCT_NAME = "$(TARGET_NAME)";
				SWIFT_EMIT_LOC_STRINGS = NO;
				SWIFT_VERSION = 5.0;
				TARGETED_DEVICE_FAMILY = "1,2";
				TEST_TARGET_NAME = todolist;
			};
			name = Release;
		};
/* End XCBuildConfiguration section */

/* Begin XCConfigurationList section */
		BDD683532894209D003BDF87 /* Build configuration list for PBXProject "todolist" */ = {
			isa = XCConfigurationList;
			buildConfigurations = (
				BDD68383289420A0003BDF87 /* Debug */,
				BDD68384289420A0003BDF87 /* Release */,
			);
			defaultConfigurationIsVisible = 0;
			defaultConfigurationName = Release;
		};
		BDD68385289420A0003BDF87 /* Build configuration list for PBXNativeTarget "todolist" */ = {
			isa = XCConfigurationList;
			buildConfigurations = (
				BDD68386289420A0003BDF87 /* Debug */,
				BDD68387289420A0003BDF87 /* Release */,
			);
			defaultConfigurationIsVisible = 0;
			defaultConfigurationName = Release;
		};
		BDD68388289420A0003BDF87 /* Build configuration list for PBXNativeTarget "todolistTests" */ = {
			isa = XCConfigurationList;
			buildConfigurations = (
				BDD68389289420A0003BDF87 /* Debug */,
				BDD6838A289420A0003BDF87 /* Release */,
			);
			defaultConfigurationIsVisible = 0;
			defaultConfigurationName = Release;
		};
		BDD6838B289420A0003BDF87 /* Build configuration list for PBXNativeTarget "todolistUITests" */ = {
			isa = XCConfigurationList;
			buildConfigurations = (
				BDD6838C289420A0003BDF87 /* Debug */,
				BDD6838D289420A0003BDF87 /* Release */,
			);
			defaultConfigurationIsVisible = 0;
			defaultConfigurationName = Release;
		};
/* End XCConfigurationList section */

/* Begin XCVersionGroup section */
		BDD683642894209D003BDF87 /* todolist.xcdatamodeld */ = {
			isa = XCVersionGroup;
			children = (
				BDD683652894209D003BDF87 /* todolist.xcdatamodel */,
			);
			currentVersion = BDD683652894209D003BDF87 /* todolist.xcdatamodel */;
			path = todolist.xcdatamodeld;
			sourceTree = "<group>";
			versionGroupType = wrapper.xcdatamodel;
		};
/* End XCVersionGroup section */
	};
	rootObject = BDD683502894209D003BDF87 /* Project object */;
}
